
Microsoft Visual Studio Solution File, Format Version 12.00
# Visual Studio Version 17
VisualStudioVersion = 17.14.37328.6 d17.14
MinimumVisualStudioVersion = 10.0.40219.1
Project("{FAE04EC0-301F-11D3-BF4B-00C04F79EFBC}") = "ThreadingDemo", "ThreadingDemo\ThreadingDemo.csproj", "{A986F3AB-1A93-4CFB-BE65-1FB47BBD98F1}"
EndProject
Global
	GlobalSection(SolutionConfigurationPlatforms) = preSolution
		Debug|Any CPU = Debug|Any CPU
		Release|Any CPU = Release|Any CPU
	EndGlobalSection
	GlobalSection(ProjectConfigurationPlatforms) = postSolution
		{A986F3AB-1A93-4CFB-BE65-1FB47BBD98F1}.Debug|Any CPU.ActiveCfg = Debug|Any CPU
		{A986F3AB-1A93-4CFB-BE65-1FB47BBD98F1}.Debug|Any CPU.Build.0 = Debug|Any CPU
		{A986F3AB-1A93-4CFB-BE65-1FB47BBD98F1}.Release|Any CPU.ActiveCfg = Release|Any CPU
		{A986F3AB-1A93-4CFB-BE65-1FB47BBD98F1}.Release|Any CPU.Build.0 = Release|Any CPU
	EndGlobalSection
	GlobalSection(SolutionProperties) = preSolution
		HideSolutionNode = FALSE
	EndGlobalSection
	GlobalSection(ExtensibilityGlobals) = postSolution
		SolutionGuid = {33F9ABA6-5DD6-49AB-912F-207AAB51BC1D}
	EndGlobalSection
EndGlobal
