
Microsoft Visual Studio Solution File, Format Version 12.00
# Visual Studio Version 17
VisualStudioVersion = 17.14.37328.6 d17.14
MinimumVisualStudioVersion = 10.0.40219.1
Project("{FAE04EC0-301F-11D3-BF4B-00C04F79EFBC}") = "ConsoleTaskManager", "ConsoleTaskManager\ConsoleTaskManager.csproj", "{661D2582-4FA5-47C5-A5CD-9B7D1B0EE229}"
EndProject
Global
	GlobalSection(SolutionConfigurationPlatforms) = preSolution
		Debug|Any CPU = Debug|Any CPU
		Release|Any CPU = Release|Any CPU
	EndGlobalSection
	GlobalSection(ProjectConfigurationPlatforms) = postSolution
		{661D2582-4FA5-47C5-A5CD-9B7D1B0EE229}.Debug|Any CPU.ActiveCfg = Debug|Any CPU
		{661D2582-4FA5-47C5-A5CD-9B7D1B0EE229}.Debug|Any CPU.Build.0 = Debug|Any CPU
		{661D2582-4FA5-47C5-A5CD-9B7D1B0EE229}.Release|Any CPU.ActiveCfg = Release|Any CPU
		{661D2582-4FA5-47C5-A5CD-9B7D1B0EE229}.Release|Any CPU.Build.0 = Release|Any CPU
	EndGlobalSection
	GlobalSection(SolutionProperties) = preSolution
		HideSolutionNode = FALSE
	EndGlobalSection
	GlobalSection(ExtensibilityGlobals) = postSolution
		SolutionGuid = {C56D21D7-4C2C-4448-A3BD-E94A433B05C1}
	EndGlobalSection
EndGlobal
